
Microsoft Visual Studio Solution File, Format Version 12.00
# Visual Studio Version 17
VisualStudioVersion = 17.2.32616.157
MinimumVisualStudioVersion = 10.0.40219.1
Project("{FAE04EC0-301F-11D3-BF4B-00C04F79EFBC}") = "Wheather", "Wheather\Wheather.csproj", "{74EEA476-9FBB-4037-A2C6-F83829F33FCF}"
EndProject
Global
	GlobalSection(SolutionConfigurationPlatforms) = preSolution
		Debug|Any CPU = Debug|Any CPU
		Release|Any CPU = Release|Any CPU
	EndGlobalSection
	GlobalSection(ProjectConfigurationPlatforms) = postSolution
		{74EEA476-9FBB-4037-A2C6-F83829F33FCF}.Debug|Any CPU.ActiveCfg = Debug|Any CPU
		{74EEA476-9FBB-4037-A2C6-F83829F33FCF}.Debug|Any CPU.Build.0 = Debug|Any CPU
		{74EEA476-9FBB-4037-A2C6-F83829F33FCF}.Release|Any CPU.ActiveCfg = Release|Any CPU
		{74EEA476-9FBB-4037-A2C6-F83829F33FCF}.Release|Any CPU.Build.0 = Release|Any CPU
	EndGlobalSection
	GlobalSection(SolutionProperties) = preSolution
		HideSolutionNode = FALSE
	EndGlobalSection
	GlobalSection(ExtensibilityGlobals) = postSolution
		SolutionGuid = {2A0F2F65-D94D-430B-98E6-D3E1C97B687F}
	EndGlobalSection
EndGlobal
